
Microsoft Visual Studio Solution File, Format Version 12.00
# Visual Studio Version 16
VisualStudioVersion = 16.0.29411.108
MinimumVisualStudioVersion = 10.0.40219.1
Project("{8BC9CEB8-8B4A-11D0-8D11-00A0C91BC942}") = "HUFFMAN", "HUFFMAN.vcxproj", "{1E79FD87-EC40-4301-AC78-CE34FA8AAB97}"
EndProject
Global
	GlobalSection(SolutionConfigurationPlatforms) = preSolution
		Debug|x64 = Debug|x64
		Debug|x86 = Debug|x86
		Release|x64 = Release|x64
		Release|x86 = Release|x86
	EndGlobalSection
	GlobalSection(ProjectConfigurationPlatforms) = postSolution
		{1E79FD87-EC40-4301-AC78-CE34FA8AAB97}.Debug|x64.ActiveCfg = Debug|x64
		{1E79FD87-EC40-4301-AC78-CE34FA8AAB97}.Debug|x64.Build.0 = Debug|x64
		{1E79FD87-EC40-4301-AC78-CE34FA8AAB97}.Debug|x86.ActiveCfg = Debug|Win32
		{1E79FD87-EC40-4301-AC78-CE34FA8AAB97}.Debug|x86.Build.0 = Debug|Win32
		{1E79FD87-EC40-4301-AC78-CE34FA8AAB97}.Release|x64.ActiveCfg = Release|x64
		{1E79FD87-EC40-4301-AC78-CE34FA8AAB97}.Release|x64.Build.0 = Release|x64
		{1E79FD87-EC40-4301-AC78-CE34FA8AAB97}.Release|x86.ActiveCfg = Release|Win32
		{1E79FD87-EC40-4301-AC78-CE34FA8AAB97}.Release|x86.Build.0 = Release|Win32
	EndGlobalSection
	GlobalSection(SolutionProperties) = preSolution
		HideSolutionNode = FALSE
	EndGlobalSection
	GlobalSection(ExtensibilityGlobals) = postSolution
		SolutionGuid = {C2086564-0D2C-48A1-BC8D-27C47461EB5B}
	EndGlobalSection
EndGlobal
